
Microsoft Visual Studio Solution File, Format Version 11.00
# Visual Studio 2010
Project("{92837015-FB52-4708-A9B4-231C49F42D47}") = "wglinfo", "wglinfo.vcxproj", "{2A6774A3-D085-4D2A-AFD8-E279426D2D3B}"
EndProject
Global
	GlobalSection(SolutionConfigurationPlatforms) = preSolution
		Debug|Win32 = Debug|Win32
		Debug|x64 = Debug|x64
		Release|Win32 = Release|Win32
		Release|x64 = Release|x64
	EndGlobalSection
	GlobalSection(ProjectConfigurationPlatforms) = postSolution
		{2A6774A3-D085-4D2A-AFD8-E279426D2D3B}.Debug|Win32.ActiveCfg = Debug|Win32
		{2A6774A3-D085-4D2A-AFD8-E279426D2D3B}.Debug|Win32.Build.0 = Debug|Win32
		{2A6774A3-D085-4D2A-AFD8-E279426D2D3B}.Debug|x64.ActiveCfg = Debug|x64
		{2A6774A3-D085-4D2A-AFD8-E279426D2D3B}.Debug|x64.Build.0 = Debug|x64
		{2A6774A3-D085-4D2A-AFD8-E279426D2D3B}.Release|Win32.ActiveCfg = Release|Win32
		{2A6774A3-D085-4D2A-AFD8-E279426D2D3B}.Release|Win32.Build.0 = Release|Win32
		{2A6774A3-D085-4D2A-AFD8-E279426D2D3B}.Release|x64.ActiveCfg = Release|x64
		{2A6774A3-D085-4D2A-AFD8-E279426D2D3B}.Release|x64.Build.0 = Release|x64
	EndGlobalSection
	GlobalSection(SolutionProperties) = preSolution
		HideSolutionNode = FALSE
	EndGlobalSection
EndGlobal
